// !$*UTF8*$!
{
	archiveVersion = 1;
	classes = {
	};
	objectVersion = 55;
	objects = {

/* Begin PBXBuildFile section */
		187B3B7AB315EA3578D671C7 /* MockTest.swift in Sources */ = {isa = PBXBuildFile; fileRef = 8DD9F0E04EC8303B51655084 /* MockTest.swift */; };
		2D161C1F43F64023C0675AFC /* Contents.json in Resources */ = {isa = PBXBuildFile; fileRef = 6043757F8CB1D0EB774E836D /* Contents.json */; };
		5AEBC8920479AC294F0988B1 /* ComposableArchitecture.framework in Frameworks */ = {isa = PBXBuildFile; fileRef = 61EC923421148685C3E55712 /* ComposableArchitecture.framework */; };
		6513B5491B6DBECFFD01329E /* SaveEarthApp.swift in Sources */ = {isa = PBXBuildFile; fileRef = A68AAEB638C851949869F819 /* SaveEarthApp.swift */; };
		67D1F198FB6281CFCA6BFC9C /* Assets.swift in Sources */ = {isa = PBXBuildFile; fileRef = 37DBC3D34027D3837980BDC4 /* Assets.swift */; };
		7104778EC1754BF0DD6ECC3F /* ContentView.swift in Sources */ = {isa = PBXBuildFile; fileRef = 94566197FA2F19F781E53910 /* ContentView.swift */; };
		92A83A5B47058AE6FD836C4A /* TuistBundle+MercuryApp.swift in Sources */ = {isa = PBXBuildFile; fileRef = 9BD1F158D5BD3C3F71E944C3 /* TuistBundle+MercuryApp.swift */; };
		F908049D64BE0CF6A2C88F0A /* ComposableArchitecture.framework in Embed Frameworks */ = {isa = PBXBuildFile; fileRef = 61EC923421148685C3E55712 /* ComposableArchitecture.framework */; settings = {ATTRIBUTES = (CodeSignOnCopy, RemoveHeadersOnCopy, ); }; };
/* End PBXBuildFile section */

/* Begin PBXCopyFilesBuildPhase section */
		27C5FC91369361B2A8092567 /* Embed Frameworks */ = {
			isa = PBXCopyFilesBuildPhase;
			buildActionMask = 2147483647;
			dstPath = "";
			dstSubfolderSpec = 10;
			files = (
				F908049D64BE0CF6A2C88F0A /* ComposableArchitecture.framework in Embed Frameworks */,
			);
			name = "Embed Frameworks";
			runOnlyForDeploymentPostprocessing = 0;
		};
		8DEBBD0463C09EEA37EBF109 /* Embed Frameworks */ = {
			isa = PBXCopyFilesBuildPhase;
			buildActionMask = 2147483647;
			dstPath = "";
			dstSubfolderSpec = 10;
			files = (
			);
			name = "Embed Frameworks";
			runOnlyForDeploymentPostprocessing = 0;
		};
/* End PBXCopyFilesBuildPhase section */

/* Begin PBXFileReference section */
		0D0AEC37F27A090E25547D59 /* MercuryApp.entitlements */ = {isa = PBXFileReference; lastKnownFileType = text.plist.entitlements; path = MercuryApp.entitlements; sourceTree = "<group>"; };
		194F1FA3593149E21A6692A4 /* Release.xcconfig */ = {isa = PBXFileReference; lastKnownFileType = text.xcconfig; path = Release.xcconfig; sourceTree = "<group>"; };
		37DBC3D34027D3837980BDC4 /* Assets.swift */ = {isa = PBXFileReference; lastKnownFileType = sourcecode.swift; path = Assets.swift; sourceTree = "<group>"; };
		6043757F8CB1D0EB774E836D /* Contents.json */ = {isa = PBXFileReference; lastKnownFileType = text.json; path = Contents.json; sourceTree = "<group>"; };
		61EC923421148685C3E55712 /* ComposableArchitecture.framework */ = {isa = PBXFileReference; explicitFileType = wrapper.framework; includeInIndex = 0; path = ComposableArchitecture.framework; sourceTree = BUILT_PRODUCTS_DIR; };
		87CCA39319D33D6CD6D771BE /* AuctionGod.app */ = {isa = PBXFileReference; explicitFileType = wrapper.application; includeInIndex = 0; path = AuctionGod.app; sourceTree = BUILT_PRODUCTS_DIR; };
		8DD9F0E04EC8303B51655084 /* MockTest.swift */ = {isa = PBXFileReference; lastKnownFileType = sourcecode.swift; path = MockTest.swift; sourceTree = "<group>"; };
		8DEB337D2133376A0C2701FB /* MercuryAppTests-Info.plist */ = {isa = PBXFileReference; lastKnownFileType = text.plist; path = "MercuryAppTests-Info.plist"; sourceTree = "<group>"; };
		94566197FA2F19F781E53910 /* ContentView.swift */ = {isa = PBXFileReference; lastKnownFileType = sourcecode.swift; path = ContentView.swift; sourceTree = "<group>"; };
		9BD1F158D5BD3C3F71E944C3 /* TuistBundle+MercuryApp.swift */ = {isa = PBXFileReference; lastKnownFileType = sourcecode.swift; path = "TuistBundle+MercuryApp.swift"; sourceTree = "<group>"; };
		A05456A0786BCEA033B652BE /* MercuryAppTests.xctest */ = {isa = PBXFileReference; explicitFileType = wrapper.cfbundle; includeInIndex = 0; path = MercuryAppTests.xctest; sourceTree = BUILT_PRODUCTS_DIR; };
		A68AAEB638C851949869F819 /* SaveEarthApp.swift */ = {isa = PBXFileReference; lastKnownFileType = sourcecode.swift; path = SaveEarthApp.swift; sourceTree = "<group>"; };
		B2440380427EA31ADF74EAFF /* MercuryAppInfo.plist */ = {isa = PBXFileReference; lastKnownFileType = text.plist; path = MercuryAppInfo.plist; sourceTree = "<group>"; };
		EB462F29F973B04166519045 /* Debug.xcconfig */ = {isa = PBXFileReference; lastKnownFileType = text.xcconfig; path = Debug.xcconfig; sourceTree = "<group>"; };
/* End PBXFileReference section */

/* Begin PBXFrameworksBuildPhase section */
		5D895CBBDCE78ED75DAF2DAE /* Frameworks */ = {
			isa = PBXFrameworksBuildPhase;
			buildActionMask = 2147483647;
			files = (
				5AEBC8920479AC294F0988B1 /* ComposableArchitecture.framework in Frameworks */,
			);
			runOnlyForDeploymentPostprocessing = 0;
		};
		B3F06E84A865A93ADF7A2798 /* Frameworks */ = {
			isa = PBXFrameworksBuildPhase;
			buildActionMask = 2147483647;
			files = (
			);
			runOnlyForDeploymentPostprocessing = 0;
		};
/* End PBXFrameworksBuildPhase section */

/* Begin PBXGroup section */
		00048A66BDCA9C8A078F7E55 /* Entitlements */ = {
			isa = PBXGroup;
			children = (
				0D0AEC37F27A090E25547D59 /* MercuryApp.entitlements */,
			);
			path = Entitlements;
			sourceTree = "<group>";
		};
		0D6A9714A9B941CDE2EB55F1 /* Project */ = {
			isa = PBXGroup;
			children = (
				2BD2DD01F477BD28FEDD4122 /* Derived */,
				00048A66BDCA9C8A078F7E55 /* Entitlements */,
				AF72505E12E4F5B03A4C5976 /* InfoPlists */,
				4FEC9059FC1563E07E5F33B8 /* Resources */,
				CDC6C8F1A1EDF6C161AE3604 /* Sources */,
				96013598857CC5622F4F1732 /* Tests */,
				17FD374D01F46AB51F088FCF /* XCConfigs */,
			);
			name = Project;
			sourceTree = "<group>";
		};
		17FD374D01F46AB51F088FCF /* XCConfigs */ = {
			isa = PBXGroup;
			children = (
				EB462F29F973B04166519045 /* Debug.xcconfig */,
				194F1FA3593149E21A6692A4 /* Release.xcconfig */,
			);
			name = XCConfigs;
			path = ../../XCConfigs;
			sourceTree = "<group>";
		};
		1F0F55971E8E1312844C6DD4 = {
			isa = PBXGroup;
			children = (
				0D6A9714A9B941CDE2EB55F1 /* Project */,
				54A6A3862D6379A4D7172A15 /* Products */,
			);
			sourceTree = "<group>";
		};
		2BD2DD01F477BD28FEDD4122 /* Derived */ = {
			isa = PBXGroup;
			children = (
				857D9F70BA0633C6AE700669 /* InfoPlists */,
				8515FB1183AE712DF870F49B /* Sources */,
			);
			path = Derived;
			sourceTree = "<group>";
		};
		3CEC3D67A86914A655E3AD1D /* Dim.colorset */ = {
			isa = PBXGroup;
			children = (
				6043757F8CB1D0EB774E836D /* Contents.json */,
			);
			path = Dim.colorset;
			sourceTree = "<group>";
		};
		4FEC9059FC1563E07E5F33B8 /* Resources */ = {
			isa = PBXGroup;
			children = (
				3CEC3D67A86914A655E3AD1D /* Dim.colorset */,
			);
			path = Resources;
			sourceTree = "<group>";
		};
		54A6A3862D6379A4D7172A15 /* Products */ = {
			isa = PBXGroup;
			children = (
				87CCA39319D33D6CD6D771BE /* AuctionGod.app */,
				61EC923421148685C3E55712 /* ComposableArchitecture.framework */,
				A05456A0786BCEA033B652BE /* MercuryAppTests.xctest */,
			);
			name = Products;
			sourceTree = "<group>";
		};
		8515FB1183AE712DF870F49B /* Sources */ = {
			isa = PBXGroup;
			children = (
				9BD1F158D5BD3C3F71E944C3 /* TuistBundle+MercuryApp.swift */,
			);
			path = Sources;
			sourceTree = "<group>";
		};
		857D9F70BA0633C6AE700669 /* InfoPlists */ = {
			isa = PBXGroup;
			children = (
				8DEB337D2133376A0C2701FB /* MercuryAppTests-Info.plist */,
			);
			path = InfoPlists;
			sourceTree = "<group>";
		};
		96013598857CC5622F4F1732 /* Tests */ = {
			isa = PBXGroup;
			children = (
				8DD9F0E04EC8303B51655084 /* MockTest.swift */,
			);
			path = Tests;
			sourceTree = "<group>";
		};
		AF72505E12E4F5B03A4C5976 /* InfoPlists */ = {
			isa = PBXGroup;
			children = (
				B2440380427EA31ADF74EAFF /* MercuryAppInfo.plist */,
			);
			name = InfoPlists;
			path = ../../InfoPlists;
			sourceTree = "<group>";
		};
		CDC6C8F1A1EDF6C161AE3604 /* Sources */ = {
			isa = PBXGroup;
			children = (
				EA678AA931AE925B1467ACB6 /* AutoGenerated */,
				94566197FA2F19F781E53910 /* ContentView.swift */,
				A68AAEB638C851949869F819 /* SaveEarthApp.swift */,
			);
			path = Sources;
			sourceTree = "<group>";
		};
		EA678AA931AE925B1467ACB6 /* AutoGenerated */ = {
			isa = PBXGroup;
			children = (
				37DBC3D34027D3837980BDC4 /* Assets.swift */,
			);
			path = AutoGenerated;
			sourceTree = "<group>";
		};
/* End PBXGroup section */

/* Begin PBXNativeTarget section */
		3DB7EF4CE71445D43636F212 /* MercuryApp */ = {
			isa = PBXNativeTarget;
			buildConfigurationList = 3114CCB52B517F9CD3C63B82 /* Build configuration list for PBXNativeTarget "MercuryApp" */;
			buildPhases = (
				B0313C17C751F5D9276BD26B /* Gen */,
				A47229475A8C8F066B16226C /* Lint */,
				6143AF4C06EDD6AC61F80F36 /* Sources */,
				2E11E1F21835F22C72DAE072 /* Resources */,
				27C5FC91369361B2A8092567 /* Embed Frameworks */,
				5D895CBBDCE78ED75DAF2DAE /* Frameworks */,
			);
			buildRules = (
			);
			dependencies = (
			);
			name = MercuryApp;
			productName = AuctionGod;
			productReference = 87CCA39319D33D6CD6D771BE /* AuctionGod.app */;
			productType = "com.apple.product-type.application";
		};
		FEC6A59BB0484EC77DF6ECE8 /* MercuryAppTests */ = {
			isa = PBXNativeTarget;
			buildConfigurationList = 10DB014B4DB5D068D6E97D17 /* Build configuration list for PBXNativeTarget "MercuryAppTests" */;
			buildPhases = (
				8D74FEE2700326CD3125E04A /* Gen */,
				0673D07FAAF90FCE9CBE0478 /* Lint */,
				A52D220719D6D9C51559C264 /* Sources */,
				2313DEF03D73FC4B908E3D50 /* Resources */,
				8DEBBD0463C09EEA37EBF109 /* Embed Frameworks */,
				B3F06E84A865A93ADF7A2798 /* Frameworks */,
			);
			buildRules = (
			);
			dependencies = (
			);
			name = MercuryAppTests;
			productName = MercuryAppTests;
			productReference = A05456A0786BCEA033B652BE /* MercuryAppTests.xctest */;
			productType = "com.apple.product-type.bundle.unit-test";
		};
/* End PBXNativeTarget section */

/* Begin PBXProject section */
		4A0F5E885DB918DFB8CDB68C /* Project object */ = {
			isa = PBXProject;
			attributes = {
				BuildIndependentTargetsInParallel = YES;
				TargetAttributes = {
				};
			};
			buildConfigurationList = 7F3C9F952FD64F0E2FF05798 /* Build configuration list for PBXProject "MercuryApp" */;
			compatibilityVersion = "Xcode 14.0";
			developmentRegion = en;
			hasScannedForEncodings = 0;
			knownRegions = (
				Base,
				en,
			);
			mainGroup = 1F0F55971E8E1312844C6DD4;
			productRefGroup = 54A6A3862D6379A4D7172A15 /* Products */;
			projectDirPath = "";
			projectRoot = "";
			targets = (
				3DB7EF4CE71445D43636F212 /* MercuryApp */,
				FEC6A59BB0484EC77DF6ECE8 /* MercuryAppTests */,
			);
		};
/* End PBXProject section */

/* Begin PBXResourcesBuildPhase section */
		2313DEF03D73FC4B908E3D50 /* Resources */ = {
			isa = PBXResourcesBuildPhase;
			buildActionMask = 2147483647;
			files = (
			);
			runOnlyForDeploymentPostprocessing = 0;
		};
		2E11E1F21835F22C72DAE072 /* Resources */ = {
			isa = PBXResourcesBuildPhase;
			buildActionMask = 2147483647;
			files = (
				2D161C1F43F64023C0675AFC /* Contents.json in Resources */,
			);
			runOnlyForDeploymentPostprocessing = 0;
		};
/* End PBXResourcesBuildPhase section */

/* Begin PBXShellScriptBuildPhase section */
		0673D07FAAF90FCE9CBE0478 /* Lint */ = {
			isa = PBXShellScriptBuildPhase;
			buildActionMask = 2147483647;
			files = (
			);
			inputFileListPaths = (
			);
			inputPaths = (
			);
			name = Lint;
			outputFileListPaths = (
			);
			outputPaths = (
			);
			runOnlyForDeploymentPostprocessing = 0;
			shellPath = /bin/sh;
			shellScript = "${PROJECT_DIR}/../../Tools/swiftlint --config \"${PROJECT_DIR}/../UIComponent/Resources/swiftlint.yml\"";
		};
		8D74FEE2700326CD3125E04A /* Gen */ = {
			isa = PBXShellScriptBuildPhase;
			buildActionMask = 2147483647;
			files = (
			);
			inputFileListPaths = (
			);
			inputPaths = (
			);
			name = Gen;
			outputFileListPaths = (
			);
			outputPaths = (
			);
			runOnlyForDeploymentPostprocessing = 0;
			shellPath = /bin/sh;
			shellScript = "${PROJECT_DIR}/../../Tools/swiftgen config run --config \"${PROJECT_DIR}/../UIComponent/Resources/swiftgen.yml\"";
		};
		A47229475A8C8F066B16226C /* Lint */ = {
			isa = PBXShellScriptBuildPhase;
			buildActionMask = 2147483647;
			files = (
			);
			inputFileListPaths = (
			);
			inputPaths = (
			);
			name = Lint;
			outputFileListPaths = (
			);
			outputPaths = (
			);
			runOnlyForDeploymentPostprocessing = 0;
			shellPath = /bin/sh;
			shellScript = "${PROJECT_DIR}/../../Tools/swiftlint --config \"${PROJECT_DIR}/../UIComponent/Resources/swiftlint.yml\"";
		};
		B0313C17C751F5D9276BD26B /* Gen */ = {
			isa = PBXShellScriptBuildPhase;
			buildActionMask = 2147483647;
			files = (
			);
			inputFileListPaths = (
			);
			inputPaths = (
			);
			name = Gen;
			outputFileListPaths = (
			);
			outputPaths = (
			);
			runOnlyForDeploymentPostprocessing = 0;
			shellPath = /bin/sh;
			shellScript = "${PROJECT_DIR}/../../Tools/swiftgen config run --config \"${PROJECT_DIR}/../UIComponent/Resources/swiftgen.yml\"";
		};
/* End PBXShellScriptBuildPhase section */

/* Begin PBXSourcesBuildPhase section */
		6143AF4C06EDD6AC61F80F36 /* Sources */ = {
			isa = PBXSourcesBuildPhase;
			buildActionMask = 2147483647;
			files = (
				92A83A5B47058AE6FD836C4A /* TuistBundle+MercuryApp.swift in Sources */,
				67D1F198FB6281CFCA6BFC9C /* Assets.swift in Sources */,
				7104778EC1754BF0DD6ECC3F /* ContentView.swift in Sources */,
				6513B5491B6DBECFFD01329E /* SaveEarthApp.swift in Sources */,
			);
			runOnlyForDeploymentPostprocessing = 0;
		};
		A52D220719D6D9C51559C264 /* Sources */ = {
			isa = PBXSourcesBuildPhase;
			buildActionMask = 2147483647;
			files = (
				187B3B7AB315EA3578D671C7 /* MockTest.swift in Sources */,
			);
			runOnlyForDeploymentPostprocessing = 0;
		};
/* End PBXSourcesBuildPhase section */

/* Begin XCBuildConfiguration section */
		110B47D21AD84B0170477174 /* Release */ = {
			isa = XCBuildConfiguration;
			buildSettings = {
				CODE_SIGN_IDENTITY = "iPhone Developer";
				INFOPLIST_FILE = "Derived/InfoPlists/MercuryAppTests-Info.plist";
				LD_RUNPATH_SEARCH_PATHS = (
					"$(inherited)",
					"@executable_path/Frameworks",
					"@loader_path/Frameworks",
				);
				PRODUCT_BUNDLE_IDENTIFIER = com.auction.mercuryTests;
				PRODUCT_NAME = MercuryAppTests;
				SDKROOT = iphoneos;
				SUPPORTS_MACCATALYST = NO;
				SUPPORTS_MAC_DESIGNED_FOR_IPHONE_IPAD = YES;
				SUPPORTS_XR_DESIGNED_FOR_IPHONE_IPAD = NO;
				SWIFT_COMPILATION_MODE = wholemodule;
				SWIFT_OPTIMIZATION_LEVEL = "-Owholemodule";
				SWIFT_VERSION = 5.0;
				TARGETED_DEVICE_FAMILY = "1,2";
			};
			name = Release;
		};
		4350BD1C962B89BFF04D2C98 /* Debug */ = {
			isa = XCBuildConfiguration;
			buildSettings = {
				CODE_SIGN_IDENTITY = "iPhone Developer";
				INFOPLIST_FILE = "Derived/InfoPlists/MercuryAppTests-Info.plist";
				LD_RUNPATH_SEARCH_PATHS = (
					"$(inherited)",
					"@executable_path/Frameworks",
					"@loader_path/Frameworks",
				);
				PRODUCT_BUNDLE_IDENTIFIER = com.auction.mercuryTests;
				PRODUCT_NAME = MercuryAppTests;
				SDKROOT = iphoneos;
				SUPPORTS_MACCATALYST = NO;
				SUPPORTS_MAC_DESIGNED_FOR_IPHONE_IPAD = YES;
				SUPPORTS_XR_DESIGNED_FOR_IPHONE_IPAD = NO;
				SWIFT_ACTIVE_COMPILATION_CONDITIONS = (
					"$(inherited)",
					DEBUG,
				);
				SWIFT_COMPILATION_MODE = singlefile;
				SWIFT_OPTIMIZATION_LEVEL = "-Onone";
				SWIFT_VERSION = 5.0;
				TARGETED_DEVICE_FAMILY = "1,2";
			};
			name = Debug;
		};
		8D01CAB6050BA4835240F072 /* Debug */ = {
			isa = XCBuildConfiguration;
			buildSettings = {
				ALWAYS_SEARCH_USER_PATHS = NO;
				CLANG_ANALYZER_LOCALIZABILITY_NONLOCALIZED = YES;
				CLANG_ANALYZER_NONNULL = YES;
				CLANG_ANALYZER_NUMBER_OBJECT_CONVERSION = YES_AGGRESSIVE;
				CLANG_CXX_LANGUAGE_STANDARD = "gnu++14";
				CLANG_CXX_LIBRARY = "libc++";
				CLANG_ENABLE_MODULES = YES;
				CLANG_ENABLE_OBJC_ARC = YES;
				CLANG_ENABLE_OBJC_WEAK = YES;
				CLANG_WARN_BLOCK_CAPTURE_AUTORELEASING = YES;
				CLANG_WARN_BOOL_CONVERSION = YES;
				CLANG_WARN_COMMA = YES;
				CLANG_WARN_CONSTANT_CONVERSION = YES;
				CLANG_WARN_DEPRECATED_OBJC_IMPLEMENTATIONS = YES;
				CLANG_WARN_DIRECT_OBJC_ISA_USAGE = YES_ERROR;
				CLANG_WARN_DOCUMENTATION_COMMENTS = YES;
				CLANG_WARN_EMPTY_BODY = YES;
				CLANG_WARN_ENUM_CONVERSION = YES;
				CLANG_WARN_INFINITE_RECURSION = YES;
				CLANG_WARN_INT_CONVERSION = YES;
				CLANG_WARN_NON_LITERAL_NULL_CONVERSION = YES;
				CLANG_WARN_OBJC_IMPLICIT_RETAIN_SELF = YES;
				CLANG_WARN_OBJC_LITERAL_CONVERSION = YES;
				CLANG_WARN_OBJC_ROOT_CLASS = YES_ERROR;
				CLANG_WARN_QUOTED_INCLUDE_IN_FRAMEWORK_HEADER = YES;
				CLANG_WARN_RANGE_LOOP_ANALYSIS = YES;
				CLANG_WARN_STRICT_PROTOTYPES = YES;
				CLANG_WARN_SUSPICIOUS_MOVE = YES;
				CLANG_WARN_UNGUARDED_AVAILABILITY = YES_AGGRESSIVE;
				CLANG_WARN_UNREACHABLE_CODE = YES;
				CLANG_WARN__DUPLICATE_METHOD_MATCH = YES;
				COPY_PHASE_STRIP = NO;
				DEAD_CODE_STRIPPING = YES;
				DEBUG_INFORMATION_FORMAT = dwarf;
				ENABLE_STRICT_OBJC_MSGSEND = YES;
				ENABLE_TESTABILITY = YES;
				GCC_C_LANGUAGE_STANDARD = gnu11;
				GCC_DYNAMIC_NO_PIC = NO;
				GCC_NO_COMMON_BLOCKS = YES;
				GCC_OPTIMIZATION_LEVEL = 0;
				GCC_PREPROCESSOR_DEFINITIONS = (
					"DEBUG=1",
					"$(inherited)",
				);
				GCC_WARN_64_TO_32_BIT_CONVERSION = YES;
				GCC_WARN_ABOUT_RETURN_TYPE = YES_ERROR;
				GCC_WARN_UNDECLARED_SELECTOR = YES;
				GCC_WARN_UNINITIALIZED_AUTOS = YES_AGGRESSIVE;
				GCC_WARN_UNUSED_FUNCTION = YES;
				GCC_WARN_UNUSED_VARIABLE = YES;
				MTL_ENABLE_DEBUG_INFO = YES;
				ONLY_ACTIVE_ARCH = YES;
				PRODUCT_NAME = "$(TARGET_NAME)";
			};
			name = Debug;
		};
		C5A8EE5A4F8ED2DE1A8C939D /* Release */ = {
			isa = XCBuildConfiguration;
			buildSettings = {
				ALWAYS_SEARCH_USER_PATHS = NO;
				CLANG_ANALYZER_LOCALIZABILITY_NONLOCALIZED = YES;
				CLANG_ANALYZER_NONNULL = YES;
				CLANG_ANALYZER_NUMBER_OBJECT_CONVERSION = YES_AGGRESSIVE;
				CLANG_CXX_LANGUAGE_STANDARD = "gnu++14";
				CLANG_CXX_LIBRARY = "libc++";
				CLANG_ENABLE_MODULES = YES;
				CLANG_ENABLE_OBJC_ARC = YES;
				CLANG_ENABLE_OBJC_WEAK = YES;
				CLANG_WARN_BLOCK_CAPTURE_AUTORELEASING = YES;
				CLANG_WARN_BOOL_CONVERSION = YES;
				CLANG_WARN_COMMA = YES;
				CLANG_WARN_CONSTANT_CONVERSION = YES;
				CLANG_WARN_DEPRECATED_OBJC_IMPLEMENTATIONS = YES;
				CLANG_WARN_DIRECT_OBJC_ISA_USAGE = YES_ERROR;
				CLANG_WARN_DOCUMENTATION_COMMENTS = YES;
				CLANG_WARN_EMPTY_BODY = YES;
				CLANG_WARN_ENUM_CONVERSION = YES;
				CLANG_WARN_INFINITE_RECURSION = YES;
				CLANG_WARN_INT_CONVERSION = YES;
				CLANG_WARN_NON_LITERAL_NULL_CONVERSION = YES;
				CLANG_WARN_OBJC_IMPLICIT_RETAIN_SELF = YES;
				CLANG_WARN_OBJC_LITERAL_CONVERSION = YES;
				CLANG_WARN_OBJC_ROOT_CLASS = YES_ERROR;
				CLANG_WARN_QUOTED_INCLUDE_IN_FRAMEWORK_HEADER = YES;
				CLANG_WARN_RANGE_LOOP_ANALYSIS = YES;
				CLANG_WARN_STRICT_PROTOTYPES = YES;
				CLANG_WARN_SUSPICIOUS_MOVE = YES;
				CLANG_WARN_UNGUARDED_AVAILABILITY = YES_AGGRESSIVE;
				CLANG_WARN_UNREACHABLE_CODE = YES;
				CLANG_WARN__DUPLICATE_METHOD_MATCH = YES;
				COPY_PHASE_STRIP = NO;
				DEAD_CODE_STRIPPING = YES;
				DEBUG_INFORMATION_FORMAT = "dwarf-with-dsym";
				ENABLE_NS_ASSERTIONS = NO;
				ENABLE_STRICT_OBJC_MSGSEND = YES;
				GCC_C_LANGUAGE_STANDARD = gnu11;
				GCC_NO_COMMON_BLOCKS = YES;
				GCC_WARN_64_TO_32_BIT_CONVERSION = YES;
				GCC_WARN_ABOUT_RETURN_TYPE = YES_ERROR;
				GCC_WARN_UNDECLARED_SELECTOR = YES;
				GCC_WARN_UNINITIALIZED_AUTOS = YES_AGGRESSIVE;
				GCC_WARN_UNUSED_FUNCTION = YES;
				GCC_WARN_UNUSED_VARIABLE = YES;
				MTL_ENABLE_DEBUG_INFO = NO;
				PRODUCT_NAME = "$(TARGET_NAME)";
				VALIDATE_PRODUCT = YES;
			};
			name = Release;
		};
		EA18341E26F89C5D83DEEF82 /* Release */ = {
			isa = XCBuildConfiguration;
			baseConfigurationReference = 194F1FA3593149E21A6692A4 /* Release.xcconfig */;
			buildSettings = {
				ASSETCATALOG_COMPILER_APPICON_NAME = AppIcon;
				CODE_SIGN_ENTITLEMENTS = Entitlements/MercuryApp.entitlements;
				CODE_SIGN_IDENTITY = "iPhone Developer";
				ENABLE_PREVIEWS = YES;
				INFOPLIST_FILE = ../../InfoPlists/MercuryAppInfo.plist;
				IPHONEOS_DEPLOYMENT_TARGET = 16.0;
				LD_RUNPATH_SEARCH_PATHS = (
					"$(inherited)",
					"@executable_path/Frameworks",
				);
				OTHER_SWIFT_FLAGS = (
					"-load-plugin-executable",
					"$BUILD_DIR/Debug$EFFECTIVE_PLATFORM_NAME/PerceptionMacros#PerceptionMacros",
					"-load-plugin-executable",
					"$BUILD_DIR/Debug$EFFECTIVE_PLATFORM_NAME/ComposableArchitectureMacros#ComposableArchitectureMacros",
					"-load-plugin-executable",
					"$BUILD_DIR/Debug$EFFECTIVE_PLATFORM_NAME/CasePathsMacros#CasePathsMacros",
					"-load-plugin-executable",
					"$BUILD_DIR/Debug$EFFECTIVE_PLATFORM_NAME/DependenciesMacrosPlugin#DependenciesMacrosPlugin",
				);
				PRODUCT_BUNDLE_IDENTIFIER = com.auction.mercury;
				PRODUCT_NAME = AuctionGod;
				SDKROOT = iphoneos;
				SUPPORTS_MACCATALYST = NO;
				SUPPORTS_MAC_DESIGNED_FOR_IPHONE_IPAD = YES;
				SUPPORTS_XR_DESIGNED_FOR_IPHONE_IPAD = NO;
				SWIFT_COMPILATION_MODE = wholemodule;
				SWIFT_OPTIMIZATION_LEVEL = "-Owholemodule";
				SWIFT_VERSION = 5.0;
				TARGETED_DEVICE_FAMILY = "1,2";
			};
			name = Release;
		};
		EF19AEB6C59BAD55451DA8B0 /* Debug */ = {
			isa = XCBuildConfiguration;
			baseConfigurationReference = EB462F29F973B04166519045 /* Debug.xcconfig */;
			buildSettings = {
				ASSETCATALOG_COMPILER_APPICON_NAME = AppIcon;
				CODE_SIGN_ENTITLEMENTS = Entitlements/MercuryApp.entitlements;
				CODE_SIGN_IDENTITY = "iPhone Developer";
				ENABLE_PREVIEWS = YES;
				INFOPLIST_FILE = ../../InfoPlists/MercuryAppInfo.plist;
				IPHONEOS_DEPLOYMENT_TARGET = 16.0;
				LD_RUNPATH_SEARCH_PATHS = (
					"$(inherited)",
					"@executable_path/Frameworks",
				);
				OTHER_SWIFT_FLAGS = (
					"-load-plugin-executable",
					"$BUILD_DIR/Debug$EFFECTIVE_PLATFORM_NAME/DependenciesMacrosPlugin#DependenciesMacrosPlugin",
					"-load-plugin-executable",
					"$BUILD_DIR/Debug$EFFECTIVE_PLATFORM_NAME/PerceptionMacros#PerceptionMacros",
					"-load-plugin-executable",
					"$BUILD_DIR/Debug$EFFECTIVE_PLATFORM_NAME/ComposableArchitectureMacros#ComposableArchitectureMacros",
					"-load-plugin-executable",
					"$BUILD_DIR/Debug$EFFECTIVE_PLATFORM_NAME/CasePathsMacros#CasePathsMacros",
				);
				PRODUCT_BUNDLE_IDENTIFIER = com.auction.mercury;
				PRODUCT_NAME = AuctionGod;
				SDKROOT = iphoneos;
				SUPPORTS_MACCATALYST = NO;
				SUPPORTS_MAC_DESIGNED_FOR_IPHONE_IPAD = YES;
				SUPPORTS_XR_DESIGNED_FOR_IPHONE_IPAD = NO;
				SWIFT_ACTIVE_COMPILATION_CONDITIONS = (
					"$(inherited)",
					DEBUG,
				);
				SWIFT_COMPILATION_MODE = singlefile;
				SWIFT_OPTIMIZATION_LEVEL = "-Onone";
				SWIFT_VERSION = 5.0;
				TARGETED_DEVICE_FAMILY = "1,2";
			};
			name = Debug;
		};
/* End XCBuildConfiguration section */

/* Begin XCConfigurationList section */
		10DB014B4DB5D068D6E97D17 /* Build configuration list for PBXNativeTarget "MercuryAppTests" */ = {
			isa = XCConfigurationList;
			buildConfigurations = (
				4350BD1C962B89BFF04D2C98 /* Debug */,
				110B47D21AD84B0170477174 /* Release */,
			);
			defaultConfigurationIsVisible = 0;
			defaultConfigurationName = Release;
		};
		3114CCB52B517F9CD3C63B82 /* Build configuration list for PBXNativeTarget "MercuryApp" */ = {
			isa = XCConfigurationList;
			buildConfigurations = (
				EF19AEB6C59BAD55451DA8B0 /* Debug */,
				EA18341E26F89C5D83DEEF82 /* Release */,
			);
			defaultConfigurationIsVisible = 0;
			defaultConfigurationName = Release;
		};
		7F3C9F952FD64F0E2FF05798 /* Build configuration list for PBXProject "MercuryApp" */ = {
			isa = XCConfigurationList;
			buildConfigurations = (
				8D01CAB6050BA4835240F072 /* Debug */,
				C5A8EE5A4F8ED2DE1A8C939D /* Release */,
			);
			defaultConfigurationIsVisible = 0;
			defaultConfigurationName = Release;
		};
/* End XCConfigurationList section */
	};
	rootObject = 4A0F5E885DB918DFB8CDB68C /* Project object */;
}
